
Microsoft Visual Studio Solution File, Format Version 12.00
# Visual Studio Version 17
VisualStudioVersion = 17.14.36705.20
MinimumVisualStudioVersion = 10.0.40219.1
Project("{8BC9CEB8-8B4A-11D0-8D11-00A0C91BC942}") = "Debounce", "Debounce\Debounce.vcxproj", "{8F5473B1-8031-4090-9FFA-BA64D965C7CB}"
EndProject
Global
	GlobalSection(SolutionConfigurationPlatforms) = preSolution
		Debug|x64 = Debug|x64
		Release|x64 = Release|x64
	EndGlobalSection
	GlobalSection(ProjectConfigurationPlatforms) = postSolution
		{8F5473B1-8031-4090-9FFA-BA64D965C7CB}.Debug|x64.ActiveCfg = Debug|x64
		{8F5473B1-8031-4090-9FFA-BA64D965C7CB}.Debug|x64.Build.0 = Debug|x64
		{8F5473B1-8031-4090-9FFA-BA64D965C7CB}.Release|x64.ActiveCfg = Release|x64
		{8F5473B1-8031-4090-9FFA-BA64D965C7CB}.Release|x64.Build.0 = Release|x64
	EndGlobalSection
	GlobalSection(SolutionProperties) = preSolution
		HideSolutionNode = FALSE
	EndGlobalSection
	GlobalSection(ExtensibilityGlobals) = postSolution
		SolutionGuid = {E6D21F10-B923-4466-B9DD-2AF3F0387F92}
	EndGlobalSection
EndGlobal
